{
  "name": "Git-Graal",
  "lockfileVersion": 2,
  "requires": true,
  "packages": {
    "": {
      "dependencies": {
        "atom": "^1.4.1"
      }
    },
    "node_modules/atom": {
      "version": "1.4.1",
      "resolved": "https://registry.npmjs.org/atom/-/atom-1.4.1.tgz",
      "integrity": "sha512-FpdehYLT2I17Pk7jVjdr7gDbARljF/YzMPdaKqkXgB8hinM5rz+zdKnw4hvf/mLVVVezd4+xAsVvlL6mW6km+Q=="
    }
  },
  "dependencies": {
    "atom": {
      "version": "1.4.1",
      "resolved": "https://registry.npmjs.org/atom/-/atom-1.4.1.tgz",
      "integrity": "sha512-FpdehYLT2I17Pk7jVjdr7gDbARljF/YzMPdaKqkXgB8hinM5rz+zdKnw4hvf/mLVVVezd4+xAsVvlL6mW6km+Q=="
    }
  }
}
